github.com/fronge/ZFGFrameWork v0.0.0-20210707021746-91d6a52c9372 h1:BpVfZ03cgtvJ55NwczEed7t4i0ySyRD73aJbET9em2o=
github.com/fronge/ZFGFrameWork/logger v0.0.0-20210707021746-91d6a52c9372 h1:Cvf7jpn701me37tzKHWXYFGyy3vxjlU63SrEZs+66qg=
github.com/fronge/ZFGFrameWork/logger v0.0.0-20210707021746-91d6a52c9372/go.mod h1:outk62QwV2vjZckCN9xEMQT5Ga/D2+6IJ6oNrAGUI/U=
